
Microsoft Visual Studio Solution File, Format Version 12.00
# Visual Studio Version 16
VisualStudioVersion = 16.0.30413.136
MinimumVisualStudioVersion = 10.0.40219.1
Project("{9A19103F-16F7-4668-BE54-9A1E7A4F7556}") = "ChainOfResponsibility", "ChainOfResponsibility\ChainOfResponsibility.csproj", "{60E43BC7-D8AE-495B-AB5F-E75291D292D0}"
EndProject
Project("{9A19103F-16F7-4668-BE54-9A1E7A4F7556}") = "TemplateMethod", "TemplateMethod\TemplateMethod.csproj", "{B0F3D172-7F57-416C-A594-874202F2722C}"
EndProject
Project("{9A19103F-16F7-4668-BE54-9A1E7A4F7556}") = "State", "State\State.csproj", "{F601EA1C-F004-4609-8BB3-513946664781}"
EndProject
Project("{9A19103F-16F7-4668-BE54-9A1E7A4F7556}") = "Decorator", "Decorator\Decorator.csproj", "{33691FDF-E4BA-4504-8383-2A72AAE80291}"
EndProject
Project("{FAE04EC0-301F-11D3-BF4B-00C04F79EFBC}") = "Bridge", "Bridge\Bridge.csproj", "{002BDE75-3078-4478-BD49-923CBEB92383}"
EndProject
Global
	GlobalSection(SolutionConfigurationPlatforms) = preSolution
		Debug|Any CPU = Debug|Any CPU
		Release|Any CPU = Release|Any CPU
	EndGlobalSection
	GlobalSection(ProjectConfigurationPlatforms) = postSolution
		{60E43BC7-D8AE-495B-AB5F-E75291D292D0}.Debug|Any CPU.ActiveCfg = Debug|Any CPU
		{60E43BC7-D8AE-495B-AB5F-E75291D292D0}.Debug|Any CPU.Build.0 = Debug|Any CPU
		{60E43BC7-D8AE-495B-AB5F-E75291D292D0}.Release|Any CPU.ActiveCfg = Release|Any CPU
		{60E43BC7-D8AE-495B-AB5F-E75291D292D0}.Release|Any CPU.Build.0 = Release|Any CPU
		{B0F3D172-7F57-416C-A594-874202F2722C}.Debug|Any CPU.ActiveCfg = Debug|Any CPU
		{B0F3D172-7F57-416C-A594-874202F2722C}.Debug|Any CPU.Build.0 = Debug|Any CPU
		{B0F3D172-7F57-416C-A594-874202F2722C}.Release|Any CPU.ActiveCfg = Release|Any CPU
		{B0F3D172-7F57-416C-A594-874202F2722C}.Release|Any CPU.Build.0 = Release|Any CPU
		{F601EA1C-F004-4609-8BB3-513946664781}.Debug|Any CPU.ActiveCfg = Debug|Any CPU
		{F601EA1C-F004-4609-8BB3-513946664781}.Debug|Any CPU.Build.0 = Debug|Any CPU
		{F601EA1C-F004-4609-8BB3-513946664781}.Release|Any CPU.ActiveCfg = Release|Any CPU
		{F601EA1C-F004-4609-8BB3-513946664781}.Release|Any CPU.Build.0 = Release|Any CPU
		{33691FDF-E4BA-4504-8383-2A72AAE80291}.Debug|Any CPU.ActiveCfg = Debug|Any CPU
		{33691FDF-E4BA-4504-8383-2A72AAE80291}.Debug|Any CPU.Build.0 = Debug|Any CPU
		{33691FDF-E4BA-4504-8383-2A72AAE80291}.Release|Any CPU.ActiveCfg = Release|Any CPU
		{33691FDF-E4BA-4504-8383-2A72AAE80291}.Release|Any CPU.Build.0 = Release|Any CPU
		{002BDE75-3078-4478-BD49-923CBEB92383}.Debug|Any CPU.ActiveCfg = Debug|Any CPU
		{002BDE75-3078-4478-BD49-923CBEB92383}.Debug|Any CPU.Build.0 = Debug|Any CPU
		{002BDE75-3078-4478-BD49-923CBEB92383}.Release|Any CPU.ActiveCfg = Release|Any CPU
		{002BDE75-3078-4478-BD49-923CBEB92383}.Release|Any CPU.Build.0 = Release|Any CPU
	EndGlobalSection
	GlobalSection(SolutionProperties) = preSolution
		HideSolutionNode = FALSE
	EndGlobalSection
	GlobalSection(ExtensibilityGlobals) = postSolution
		SolutionGuid = {491D5FAF-D490-4006-9860-01F51578E9F4}
	EndGlobalSection
EndGlobal
